// !$*UTF8*$!
{
	archiveVersion = 1;
	classes = {
	};
	objectVersion = 50;
	objects = {

/* Begin PBXBuildFile section */
		2ADCFF97253D1FA300D4A267 /* AppDelegate.swift in Sources */ = {isa = PBXBuildFile; fileRef = 2ADCFF96253D1FA300D4A267 /* AppDelegate.swift */; };
		2ADCFF99253D1FA300D4A267 /* SceneDelegate.swift in Sources */ = {isa = PBXBuildFile; fileRef = 2ADCFF98253D1FA300D4A267 /* SceneDelegate.swift */; };
		2ADCFF9E253D1FA300D4A267 /* Main.storyboard in Resources */ = {isa = PBXBuildFile; fileRef = 2ADCFF9C253D1FA300D4A267 /* Main.storyboard */; };
		2ADCFFA0253D1FA600D4A267 /* Assets.xcassets in Resources */ = {isa = PBXBuildFile; fileRef = 2ADCFF9F253D1FA600D4A267 /* Assets.xcassets */; };
		2ADCFFA3253D1FA600D4A267 /* LaunchScreen.storyboard in Resources */ = {isa = PBXBuildFile; fileRef = 2ADCFFA1253D1FA600D4A267 /* LaunchScreen.storyboard */; };
		2ADCFFB3253D289800D4A267 /* Scorecard.swift in Sources */ = {isa = PBXBuildFile; fileRef = 2ADCFFB2253D289800D4A267 /* Scorecard.swift */; };
/* End PBXBuildFile section */

/* Begin PBXFileReference section */
		2ADCFF93253D1FA300D4A267 /* discgolfr.app */ = {isa = PBXFileReference; explicitFileType = wrapper.application; includeInIndex = 0; path = discgolfr.app; sourceTree = BUILT_PRODUCTS_DIR; };
		2ADCFF96253D1FA300D4A267 /* AppDelegate.swift */ = {isa = PBXFileReference; lastKnownFileType = sourcecode.swift; path = AppDelegate.swift; sourceTree = "<group>"; };
		2ADCFF98253D1FA300D4A267 /* SceneDelegate.swift */ = {isa = PBXFileReference; lastKnownFileType = sourcecode.swift; path = SceneDelegate.swift; sourceTree = "<group>"; };
		2ADCFF9D253D1FA300D4A267 /* Base */ = {isa = PBXFileReference; lastKnownFileType = file.storyboard; name = Base; path = Base.lproj/Main.storyboard; sourceTree = "<group>"; };
		2ADCFF9F253D1FA600D4A267 /* Assets.xcassets */ = {isa = PBXFileReference; lastKnownFileType = folder.assetcatalog; path = Assets.xcassets; sourceTree = "<group>"; };
		2ADCFFA2253D1FA600D4A267 /* Base */ = {isa = PBXFileReference; lastKnownFileType = file.storyboard; name = Base; path = Base.lproj/LaunchScreen.storyboard; sourceTree = "<group>"; };
		2ADCFFA4253D1FA600D4A267 /* Info.plist */ = {isa = PBXFileReference; lastKnownFileType = text.plist.xml; path = Info.plist; sourceTree = "<group>"; };
		2ADCFFB2253D289800D4A267 /* Scorecard.swift */ = {isa = PBXFileReference; lastKnownFileType = sourcecode.swift; path = Scorecard.swift; sourceTree = "<group>"; };
/* End PBXFileReference section */

/* Begin PBXFrameworksBuildPhase section */
		2ADCFF90253D1FA300D4A267 /* Frameworks */ = {
			isa = PBXFrameworksBuildPhase;
			buildActionMask = 2147483647;
			files = (
			);
			runOnlyForDeploymentPostprocessing = 0;
		};
/* End PBXFrameworksBuildPhase section */

/* Begin PBXGroup section */
		2ADCFF8A253D1FA300D4A267 = {
			isa = PBXGroup;
			children = (
				2ADCFF95253D1FA300D4A267 /* discgolfr */,
				2ADCFF94253D1FA300D4A267 /* Products */,
			);
			sourceTree = "<group>";
		};
		2ADCFF94253D1FA300D4A267 /* Products */ = {
			isa = PBXGroup;
			children = (
				2ADCFF93253D1FA300D4A267 /* discgolfr.app */,
			);
			name = Products;
			sourceTree = "<group>";
		};
		2ADCFF95253D1FA300D4A267 /* discgolfr */ = {
			isa = PBXGroup;
			children = (
				2ADCFFB1253D287C00D4A267 /* Models */,
				2ADCFFAD253D207800D4A267 /* Views */,
				2ADCFFAB253D206D00D4A267 /* Resources */,
			);
			path = discgolfr;
			sourceTree = "<group>";
		};
		2ADCFFAB253D206D00D4A267 /* Resources */ = {
			isa = PBXGroup;
			children = (
				2ADCFF96253D1FA300D4A267 /* AppDelegate.swift */,
				2ADCFF98253D1FA300D4A267 /* SceneDelegate.swift */,
				2ADCFF9F253D1FA600D4A267 /* Assets.xcassets */,
				2ADCFFA1253D1FA600D4A267 /* LaunchScreen.storyboard */,
				2ADCFFA4253D1FA600D4A267 /* Info.plist */,
			);
			path = Resources;
			sourceTree = "<group>";
		};
		2ADCFFAD253D207800D4A267 /* Views */ = {
			isa = PBXGroup;
			children = (
				2ADCFFAE253D207C00D4A267 /* Storyboards */,
			);
			path = Views;
			sourceTree = "<group>";
		};
		2ADCFFAE253D207C00D4A267 /* Storyboards */ = {
			isa = PBXGroup;
			children = (
				2ADCFF9C253D1FA300D4A267 /* Main.storyboard */,
			);
			path = Storyboards;
			sourceTree = "<group>";
		};
		2ADCFFB1253D287C00D4A267 /* Models */ = {
			isa = PBXGroup;
			children = (
				2ADCFFB2253D289800D4A267 /* Scorecard.swift */,
			);
			path = Models;
			sourceTree = "<group>";
		};
/* End PBXGroup section */

/* Begin PBXNativeTarget section */
		2ADCFF92253D1FA300D4A267 /* discgolfr */ = {
			isa = PBXNativeTarget;
			buildConfigurationList = 2ADCFFA7253D1FA600D4A267 /* Build configuration list for PBXNativeTarget "discgolfr" */;
			buildPhases = (
				2ADCFF8F253D1FA300D4A267 /* Sources */,
				2ADCFF90253D1FA300D4A267 /* Frameworks */,
				2ADCFF91253D1FA300D4A267 /* Resources */,
			);
			buildRules = (
			);
			dependencies = (
			);
			name = discgolfr;
			productName = discgolfr;
			productReference = 2ADCFF93253D1FA300D4A267 /* discgolfr.app */;
			productType = "com.apple.product-type.application";
		};
/* End PBXNativeTarget section */

/* Begin PBXProject section */
		2ADCFF8B253D1FA300D4A267 /* Project object */ = {
			isa = PBXProject;
			attributes = {
				LastSwiftUpdateCheck = 1200;
				LastUpgradeCheck = 1200;
				TargetAttributes = {
					2ADCFF92253D1FA300D4A267 = {
						CreatedOnToolsVersion = 12.0.1;
					};
				};
			};
			buildConfigurationList = 2ADCFF8E253D1FA300D4A267 /* Build configuration list for PBXProject "discgolfr" */;
			compatibilityVersion = "Xcode 9.3";
			developmentRegion = en;
			hasScannedForEncodings = 0;
			knownRegions = (
				en,
				Base,
			);
			mainGroup = 2ADCFF8A253D1FA300D4A267;
			productRefGroup = 2ADCFF94253D1FA300D4A267 /* Products */;
			projectDirPath = "";
			projectRoot = "";
			targets = (
				2ADCFF92253D1FA300D4A267 /* discgolfr */,
			);
		};
/* End PBXProject section */

/* Begin PBXResourcesBuildPhase section */
		2ADCFF91253D1FA300D4A267 /* Resources */ = {
			isa = PBXResourcesBuildPhase;
			buildActionMask = 2147483647;
			files = (
				2ADCFFA3253D1FA600D4A267 /* LaunchScreen.storyboard in Resources */,
				2ADCFFA0253D1FA600D4A267 /* Assets.xcassets in Resources */,
				2ADCFF9E253D1FA300D4A267 /* Main.storyboard in Resources */,
			);
			runOnlyForDeploymentPostprocessing = 0;
		};
/* End PBXResourcesBuildPhase section */

/* Begin PBXSourcesBuildPhase section */
		2ADCFF8F253D1FA300D4A267 /* Sources */ = {
			isa = PBXSourcesBuildPhase;
			buildActionMask = 2147483647;
			files = (
				2ADCFFB3253D289800D4A267 /* Scorecard.swift in Sources */,
				2ADCFF97253D1FA300D4A267 /* AppDelegate.swift in Sources */,
				2ADCFF99253D1FA300D4A267 /* SceneDelegate.swift in Sources */,
			);
			runOnlyForDeploymentPostprocessing = 0;
		};
/* End PBXSourcesBuildPhase section */

/* Begin PBXVariantGroup section */
		2ADCFF9C253D1FA300D4A267 /* Main.storyboard */ = {
			isa = PBXVariantGroup;
			children = (
				2ADCFF9D253D1FA300D4A267 /* Base */,
			);
			name = Main.storyboard;
			sourceTree = "<group>";
		};
		2ADCFFA1253D1FA600D4A267 /* LaunchScreen.storyboard */ = {
			isa = PBXVariantGroup;
			children = (
				2ADCFFA2253D1FA600D4A267 /* Base */,
			);
			name = LaunchScreen.storyboard;
			sourceTree = "<group>";
		};
/* End PBXVariantGroup section */

/* Begin XCBuildConfiguration section */
		2ADCFFA5253D1FA600D4A267 /* Debug */ = {
			isa = XCBuildConfiguration;
			buildSettings = {
				ALWAYS_SEARCH_USER_PATHS = NO;
				CLANG_ANALYZER_NONNULL = YES;
				CLANG_ANALYZER_NUMBER_OBJECT_CONVERSION = YES_AGGRESSIVE;
				CLANG_CXX_LANGUAGE_STANDARD = "gnu++14";
				CLANG_CXX_LIBRARY = "libc++";
				CLANG_ENABLE_MODULES = YES;
				CLANG_ENABLE_OBJC_ARC = YES;
				CLANG_ENABLE_OBJC_WEAK = YES;
				CLANG_WARN_BLOCK_CAPTURE_AUTORELEASING = YES;
				CLANG_WARN_BOOL_CONVERSION = YES;
				CLANG_WARN_COMMA = YES;
				CLANG_WARN_CONSTANT_CONVERSION = YES;
				CLANG_WARN_DEPRECATED_OBJC_IMPLEMENTATIONS = YES;
				CLANG_WARN_DIRECT_OBJC_ISA_USAGE = YES_ERROR;
				CLANG_WARN_DOCUMENTATION_COMMENTS = YES;
				CLANG_WARN_EMPTY_BODY = YES;
				CLANG_WARN_ENUM_CONVERSION = YES;
				CLANG_WARN_INFINITE_RECURSION = YES;
				CLANG_WARN_INT_CONVERSION = YES;
				CLANG_WARN_NON_LITERAL_NULL_CONVERSION = YES;
				CLANG_WARN_OBJC_IMPLICIT_RETAIN_SELF = YES;
				CLANG_WARN_OBJC_LITERAL_CONVERSION = YES;
				CLANG_WARN_OBJC_ROOT_CLASS = YES_ERROR;
				CLANG_WARN_QUOTED_INCLUDE_IN_FRAMEWORK_HEADER = YES;
				CLANG_WARN_RANGE_LOOP_ANALYSIS = YES;
				CLANG_WARN_STRICT_PROTOTYPES = YES;
				CLANG_WARN_SUSPICIOUS_MOVE = YES;
				CLANG_WARN_UNGUARDED_AVAILABILITY = YES_AGGRESSIVE;
				CLANG_WARN_UNREACHABLE_CODE = YES;
				CLANG_WARN__DUPLICATE_METHOD_MATCH = YES;
				COPY_PHASE_STRIP = NO;
				DEBUG_INFORMATION_FORMAT = dwarf;
				ENABLE_STRICT_OBJC_MSGSEND = YES;
				ENABLE_TESTABILITY = YES;
				GCC_C_LANGUAGE_STANDARD = gnu11;
				GCC_DYNAMIC_NO_PIC = NO;
				GCC_NO_COMMON_BLOCKS = YES;
				GCC_OPTIMIZATION_LEVEL = 0;
				GCC_PREPROCESSOR_DEFINITIONS = (
					"DEBUG=1",
					"$(inherited)",
				);
				GCC_WARN_64_TO_32_BIT_CONVERSION = YES;
				GCC_WARN_ABOUT_RETURN_TYPE = YES_ERROR;
				GCC_WARN_UNDECLARED_SELECTOR = YES;
				GCC_WARN_UNINITIALIZED_AUTOS = YES_AGGRESSIVE;
				GCC_WARN_UNUSED_FUNCTION = YES;
				GCC_WARN_UNUSED_VARIABLE = YES;
				IPHONEOS_DEPLOYMENT_TARGET = 14.0;
				MTL_ENABLE_DEBUG_INFO = INCLUDE_SOURCE;
				MTL_FAST_MATH = YES;
				ONLY_ACTIVE_ARCH = YES;
				SDKROOT = iphoneos;
				SWIFT_ACTIVE_COMPILATION_CONDITIONS = DEBUG;
				SWIFT_OPTIMIZATION_LEVEL = "-Onone";
			};
			name = Debug;
		};
		2ADCFFA6253D1FA600D4A267 /* Release */ = {
			isa = XCBuildConfiguration;
			buildSettings = {
				ALWAYS_SEARCH_USER_PATHS = NO;
				CLANG_ANALYZER_NONNULL = YES;
				CLANG_ANALYZER_NUMBER_OBJECT_CONVERSION = YES_AGGRESSIVE;
				CLANG_CXX_LANGUAGE_STANDARD = "gnu++14";
				CLANG_CXX_LIBRARY = "libc++";
				CLANG_ENABLE_MODULES = YES;
				CLANG_ENABLE_OBJC_ARC = YES;
				CLANG_ENABLE_OBJC_WEAK = YES;
				CLANG_WARN_BLOCK_CAPTURE_AUTORELEASING = YES;
				CLANG_WARN_BOOL_CONVERSION = YES;
				CLANG_WARN_COMMA = YES;
				CLANG_WARN_CONSTANT_CONVERSION = YES;
				CLANG_WARN_DEPRECATED_OBJC_IMPLEMENTATIONS = YES;
				CLANG_WARN_DIRECT_OBJC_ISA_USAGE = YES_ERROR;
				CLANG_WARN_DOCUMENTATION_COMMENTS = YES;
				CLANG_WARN_EMPTY_BODY = YES;
				CLANG_WARN_ENUM_CONVERSION = YES;
				CLANG_WARN_INFINITE_RECURSION = YES;
				CLANG_WARN_INT_CONVERSION = YES;
				CLANG_WARN_NON_LITERAL_NULL_CONVERSION = YES;
				CLANG_WARN_OBJC_IMPLICIT_RETAIN_SELF = YES;
				CLANG_WARN_OBJC_LITERAL_CONVERSION = YES;
				CLANG_WARN_OBJC_ROOT_CLASS = YES_ERROR;
				CLANG_WARN_QUOTED_INCLUDE_IN_FRAMEWORK_HEADER = YES;
				CLANG_WARN_RANGE_LOOP_ANALYSIS = YES;
				CLANG_WARN_STRICT_PROTOTYPES = YES;
				CLANG_WARN_SUSPICIOUS_MOVE = YES;
				CLANG_WARN_UNGUARDED_AVAILABILITY = YES_AGGRESSIVE;
				CLANG_WARN_UNREACHABLE_CODE = YES;
				CLANG_WARN__DUPLICATE_METHOD_MATCH = YES;
				COPY_PHASE_STRIP = NO;
				DEBUG_INFORMATION_FORMAT = "dwarf-with-dsym";
				ENABLE_NS_ASSERTIONS = NO;
				ENABLE_STRICT_OBJC_MSGSEND = YES;
				GCC_C_LANGUAGE_STANDARD = gnu11;
				GCC_NO_COMMON_BLOCKS = YES;
				GCC_WARN_64_TO_32_BIT_CONVERSION = YES;
				GCC_WARN_ABOUT_RETURN_TYPE = YES_ERROR;
				GCC_WARN_UNDECLARED_SELECTOR = YES;
				GCC_WARN_UNINITIALIZED_AUTOS = YES_AGGRESSIVE;
				GCC_WARN_UNUSED_FUNCTION = YES;
				GCC_WARN_UNUSED_VARIABLE = YES;
				IPHONEOS_DEPLOYMENT_TARGET = 14.0;
				MTL_ENABLE_DEBUG_INFO = NO;
				MTL_FAST_MATH = YES;
				SDKROOT = iphoneos;
				SWIFT_COMPILATION_MODE = wholemodule;
				SWIFT_OPTIMIZATION_LEVEL = "-O";
				VALIDATE_PRODUCT = YES;
			};
			name = Release;
		};
		2ADCFFA8253D1FA600D4A267 /* Debug */ = {
			isa = XCBuildConfiguration;
			buildSettings = {
				ASSETCATALOG_COMPILER_APPICON_NAME = AppIcon;
				ASSETCATALOG_COMPILER_GLOBAL_ACCENT_COLOR_NAME = AccentColor;
				CODE_SIGN_STYLE = Automatic;
				DEVELOPMENT_TEAM = G359J97949;
				INFOPLIST_FILE = discgolfr/Resources/Info.plist;
				LD_RUNPATH_SEARCH_PATHS = (
					"$(inherited)",
					"@executable_path/Frameworks",
				);
				PRODUCT_BUNDLE_IDENTIFIER = com.austingoetz.discgolfr;
				PRODUCT_NAME = "$(TARGET_NAME)";
				SWIFT_VERSION = 5.0;
				TARGETED_DEVICE_FAMILY = "1,2";
			};
			name = Debug;
		};
		2ADCFFA9253D1FA600D4A267 /* Release */ = {
			isa = XCBuildConfiguration;
			buildSettings = {
				ASSETCATALOG_COMPILER_APPICON_NAME = AppIcon;
				ASSETCATALOG_COMPILER_GLOBAL_ACCENT_COLOR_NAME = AccentColor;
				CODE_SIGN_STYLE = Automatic;
				DEVELOPMENT_TEAM = G359J97949;
				INFOPLIST_FILE = discgolfr/Resources/Info.plist;
				LD_RUNPATH_SEARCH_PATHS = (
					"$(inherited)",
					"@executable_path/Frameworks",
				);
				PRODUCT_BUNDLE_IDENTIFIER = com.austingoetz.discgolfr;
				PRODUCT_NAME = "$(TARGET_NAME)";
				SWIFT_VERSION = 5.0;
				TARGETED_DEVICE_FAMILY = "1,2";
			};
			name = Release;
		};
/* End XCBuildConfiguration section */

/* Begin XCConfigurationList section */
		2ADCFF8E253D1FA300D4A267 /* Build configuration list for PBXProject "discgolfr" */ = {
			isa = XCConfigurationList;
			buildConfigurations = (
				2ADCFFA5253D1FA600D4A267 /* Debug */,
				2ADCFFA6253D1FA600D4A267 /* Release */,
			);
			defaultConfigurationIsVisible = 0;
			defaultConfigurationName = Release;
		};
		2ADCFFA7253D1FA600D4A267 /* Build configuration list for PBXNativeTarget "discgolfr" */ = {
			isa = XCConfigurationList;
			buildConfigurations = (
				2ADCFFA8253D1FA600D4A267 /* Debug */,
				2ADCFFA9253D1FA600D4A267 /* Release */,
			);
			defaultConfigurationIsVisible = 0;
			defaultConfigurationName = Release;
		};
/* End XCConfigurationList section */
	};
	rootObject = 2ADCFF8B253D1FA300D4A267 /* Project object */;
}
